
Microsoft Visual Studio Solution File, Format Version 12.00
# Visual Studio Version 16
VisualStudioVersion = 16.0.32802.440
MinimumVisualStudioVersion = 10.0.40219.1
Project("{FAE04EC0-301F-11D3-BF4B-00C04F79EFBC}") = "SalesWebMVC", "SalesWebMVC\SalesWebMVC.csproj", "{30E9895A-944C-481F-B9A7-929115D7EA87}"
EndProject
Global
	GlobalSection(SolutionConfigurationPlatforms) = preSolution
		Debug|Any CPU = Debug|Any CPU
		Release|Any CPU = Release|Any CPU
	EndGlobalSection
	GlobalSection(ProjectConfigurationPlatforms) = postSolution
		{30E9895A-944C-481F-B9A7-929115D7EA87}.Debug|Any CPU.ActiveCfg = Debug|Any CPU
		{30E9895A-944C-481F-B9A7-929115D7EA87}.Debug|Any CPU.Build.0 = Debug|Any CPU
		{30E9895A-944C-481F-B9A7-929115D7EA87}.Release|Any CPU.ActiveCfg = Release|Any CPU
		{30E9895A-944C-481F-B9A7-929115D7EA87}.Release|Any CPU.Build.0 = Release|Any CPU
	EndGlobalSection
	GlobalSection(SolutionProperties) = preSolution
		HideSolutionNode = FALSE
	EndGlobalSection
	GlobalSection(ExtensibilityGlobals) = postSolution
		SolutionGuid = {5FA439FA-8285-41C8-8140-6F5C26AD1F6C}
	EndGlobalSection
EndGlobal
